<?xml version="1.0" encoding="utf-8"?>
<Project ToolsVersion="4.0" xmlns="http://schemas.microsoft.com/developer/msbuild/2003">
  <ItemGroup>
    <Filter Include="Source Files">
      <UniqueIdentifier>{4FC737F1-C7A5-4376-A066-2A32D752A2FF}</UniqueIdentifier>
      <Extensions>cpp;c;cc;cxx;def;odl;idl;hpj;bat;asm;asmx</Extensions>
    </Filter>
    <Filter Include="Header Files">
      <UniqueIdentifier>{93995380-89BD-4b04-88EB-625FBE52EBFB}</UniqueIdentifier>
      <Extensions>h;hpp;hxx;hm;inl;inc;xsd</Extensions>
    </Filter>
    <Filter Include="Resource Files">
      <UniqueIdentifier>{67DA6AB6-F800-4c08-8B7A-83BB121AAD01}</UniqueIdentifier>
      <Extensions>rc;ico;cur;bmp;dlg;rc2;rct;bin;rgs;gif;jpg;jpeg;jpe;resx;tiff;tif;png;wav</Extensions>
    </Filter>
    <Filter Include="States">
      <UniqueIdentifier>{c4b7addc-4c3c-4d1f-9398-9af5474b1ad5}</UniqueIdentifier>
    </Filter>
    <Filter Include="Header Files\Game">
      <UniqueIdentifier>{000c6e8c-6e36-45cc-a091-c199cb867794}</UniqueIdentifier>
    </Filter>
    <Filter Include="Header Files\Components">
      <UniqueIdentifier>{95a54d60-38d0-4e1c-b524-2cbff9b0417f}</UniqueIdentifier>
    </Filter>
    <Filter Include="Header Files\Engine">
      <UniqueIdentifier>{08499fe7-2d07-418b-8d38-63e06f2cbeb0}</UniqueIdentifier>
    </Filter>
    <Filter Include="Header Files\World">
      <UniqueIdentifier>{6831ed37-87d9-4d07-bfb4-37d451a80c06}</UniqueIdentifier>
    </Filter>
    <Filter Include="Source Files\Components">
      <UniqueIdentifier>{8cae89e2-3eb7-4a71-958b-0609645ad928}</UniqueIdentifier>
    </Filter>
    <Filter Include="Source Files\States">
      <UniqueIdentifier>{6ba13ef2-63ab-4af5-92d6-985af83b09ac}</UniqueIdentifier>
    </Filter>
    <Filter Include="Source Files\Engine">
      <UniqueIdentifier>{537f38d8-0d16-4d23-b66c-029d6f825c28}</UniqueIdentifier>
    </Filter>
  </ItemGroup>
  <ItemGroup>
    <ClCompile Include="World.cpp">
      <Filter>Source Files</Filter>
    </ClCompile>
    <ClCompile Include="Tile.cpp">
      <Filter>Source Files</Filter>
    </ClCompile>
    <ClCompile Include="Player.cpp">
      <Filter>Source Files</Filter>
    </ClCompile>
    <ClCompile Include="break.cpp">
      <Filter>Source Files</Filter>
    </ClCompile>
    <ClCompile Include="Projectile.cpp">
      <Filter>Source Files</Filter>
    </ClCompile>
    <ClCompile Include="ProjectilePool.cpp">
      <Filter>Source Files</Filter>
    </ClCompile>
    <ClCompile Include="InputComponent.cpp">
      <Filter>Source Files\Components</Filter>
    </ClCompile>
    <ClCompile Include="PhysicsComponent.cpp">
      <Filter>Source Files\Components</Filter>
    </ClCompile>
    <ClCompile Include="PlayerPhysicsComponent.cpp">
      <Filter>Source Files\Components</Filter>
    </ClCompile>
    <ClCompile Include="ShootingComponent.cpp">
      <Filter>Source Files\Components</Filter>
    </ClCompile>
    <ClCompile Include="ShootingState.cpp">
      <Filter>Source Files\States</Filter>
    </ClCompile>
    <ClCompile Include="StandingState.cpp">
      <Filter>Source Files\States</Filter>
    </ClCompile>
    <ClCompile Include="MovingState.cpp">
      <Filter>Source Files\States</Filter>
    </ClCompile>
    <ClCompile Include="PlayerState.cpp">
      <Filter>Source Files\States</Filter>
    </ClCompile>
    <ClCompile Include="graphics.cpp">
      <Filter>Source Files\Engine</Filter>
    </ClCompile>
    <ClCompile Include="entity.cpp">
      <Filter>Source Files\Engine</Filter>
    </ClCompile>
    <ClCompile Include="game.cpp">
      <Filter>Source Files\Engine</Filter>
    </ClCompile>
    <ClCompile Include="image.cpp">
      <Filter>Source Files\Engine</Filter>
    </ClCompile>
    <ClCompile Include="input.cpp">
      <Filter>Source Files\Engine</Filter>
    </ClCompile>
    <ClCompile Include="textDX.cpp">
      <Filter>Source Files\Engine</Filter>
    </ClCompile>
    <ClCompile Include="textureManager.cpp">
      <Filter>Source Files\Engine</Filter>
    </ClCompile>
    <ClCompile Include="winmain.cpp">
      <Filter>Source Files\Engine</Filter>
    </ClCompile>
    <ClCompile Include="Enemy.cpp">
      <Filter>Source Files</Filter>
    </ClCompile>
  </ItemGroup>
  <ItemGroup>
    <ClInclude Include="Player.h">
      <Filter>Header Files</Filter>
    </ClInclude>
    <ClInclude Include="Projectile.h">
      <Filter>Header Files</Filter>
    </ClInclude>
    <ClInclude Include="ProjectilePool.h">
      <Filter>Header Files</Filter>
    </ClInclude>
    <ClInclude Include="MovingState.h">
      <Filter>States</Filter>
    </ClInclude>
    <ClInclude Include="PlayerState.h">
      <Filter>States</Filter>
    </ClInclude>
    <ClInclude Include="StandingState.h">
      <Filter>States</Filter>
    </ClInclude>
    <ClInclude Include="ShootingState.h">
      <Filter>States</Filter>
    </ClInclude>
    <ClInclude Include="break.h">
      <Filter>Header Files\Game</Filter>
    </ClInclude>
    <ClInclude Include="constants.h">
      <Filter>Header Files\Game</Filter>
    </ClInclude>
    <ClInclude Include="InputComponent.h">
      <Filter>Header Files\Components</Filter>
    </ClInclude>
    <ClInclude Include="PhysicsComponent.h">
      <Filter>Header Files\Components</Filter>
    </ClInclude>
    <ClInclude Include="PlayerPhysicsComponent.h">
      <Filter>Header Files\Components</Filter>
    </ClInclude>
    <ClInclude Include="ShootingComponent.h">
      <Filter>Header Files\Components</Filter>
    </ClInclude>
    <ClInclude Include="game.h">
      <Filter>Header Files\Engine</Filter>
    </ClInclude>
    <ClInclude Include="input.h">
      <Filter>Header Files\Engine</Filter>
    </ClInclude>
    <ClInclude Include="graphics.h">
      <Filter>Header Files\Engine</Filter>
    </ClInclude>
    <ClInclude Include="image.h">
      <Filter>Header Files\Engine</Filter>
    </ClInclude>
    <ClInclude Include="entity.h">
      <Filter>Header Files\Engine</Filter>
    </ClInclude>
    <ClInclude Include="gameError.h">
      <Filter>Header Files\Engine</Filter>
    </ClInclude>
    <ClInclude Include="textDX.h">
      <Filter>Header Files\Engine</Filter>
    </ClInclude>
    <ClInclude Include="textureManager.h">
      <Filter>Header Files\Engine</Filter>
    </ClInclude>
    <ClInclude Include="World.h">
      <Filter>Header Files\World</Filter>
    </ClInclude>
    <ClInclude Include="Tile.h">
      <Filter>Header Files\World</Filter>
    </ClInclude>
    <ClInclude Include="Enemy.h">
      <Filter>Header Files</Filter>
    </ClInclude>
  </ItemGroup>
</Project>